// !$*UTF8*$!
{
	archiveVersion = 1;
	classes = {
	};
	objectVersion = 77;
	objects = {

/* Begin PBXBuildFile section */
		17CF2BD84FF01520CEA5845C /* Pods_andres_ios_projectTests.framework in Frameworks */ = {isa = PBXBuildFile; fileRef = 4EAF9470A84FE653CC25488C /* Pods_andres_ios_projectTests.framework */; };
		A99FF60EC00F63E77329BEDA /* Pods_andres_ios_project_andres_ios_projectUITests.framework in Frameworks */ = {isa = PBXBuildFile; fileRef = 3E9592C829D49AB4F2C9B874 /* Pods_andres_ios_project_andres_ios_projectUITests.framework */; };
		AE1C8A5B0431C0CE70A048C7 /* Pods_andres_ios_project.framework in Frameworks */ = {isa = PBXBuildFile; fileRef = 55ED2695D89F2191C130D518 /* Pods_andres_ios_project.framework */; };
/* End PBXBuildFile section */

/* Begin PBXContainerItemProxy section */
		4F649EF42E09D78300FF7524 /* PBXContainerItemProxy */ = {
			isa = PBXContainerItemProxy;
			containerPortal = 4F649ED52E09D77800FF7524 /* Project object */;
			proxyType = 1;
			remoteGlobalIDString = 4F649EDC2E09D77800FF7524;
			remoteInfo = "andres-ios-project";
		};
		4F649EFE2E09D78300FF7524 /* PBXContainerItemProxy */ = {
			isa = PBXContainerItemProxy;
			containerPortal = 4F649ED52E09D77800FF7524 /* Project object */;
			proxyType = 1;
			remoteGlobalIDString = 4F649EDC2E09D77800FF7524;
			remoteInfo = "andres-ios-project";
		};
/* End PBXContainerItemProxy section */

/* Begin PBXFileReference section */
		2210BC27CC095842D2C18FA9 /* Pods-andres-ios-projectTests.release.xcconfig */ = {isa = PBXFileReference; includeInIndex = 1; lastKnownFileType = text.xcconfig; name = "Pods-andres-ios-projectTests.release.xcconfig"; path = "Target Support Files/Pods-andres-ios-projectTests/Pods-andres-ios-projectTests.release.xcconfig"; sourceTree = "<group>"; };
		3E9592C829D49AB4F2C9B874 /* Pods_andres_ios_project_andres_ios_projectUITests.framework */ = {isa = PBXFileReference; explicitFileType = wrapper.framework; includeInIndex = 0; path = Pods_andres_ios_project_andres_ios_projectUITests.framework; sourceTree = BUILT_PRODUCTS_DIR; };
		4CEDD42211CB36A0129393D8 /* Pods-andres-ios-project-andres-ios-projectUITests.release.xcconfig */ = {isa = PBXFileReference; includeInIndex = 1; lastKnownFileType = text.xcconfig; name = "Pods-andres-ios-project-andres-ios-projectUITests.release.xcconfig"; path = "Target Support Files/Pods-andres-ios-project-andres-ios-projectUITests/Pods-andres-ios-project-andres-ios-projectUITests.release.xcconfig"; sourceTree = "<group>"; };
		4EAF9470A84FE653CC25488C /* Pods_andres_ios_projectTests.framework */ = {isa = PBXFileReference; explicitFileType = wrapper.framework; includeInIndex = 0; path = Pods_andres_ios_projectTests.framework; sourceTree = BUILT_PRODUCTS_DIR; };
		4F649EDD2E09D77800FF7524 /* andres-ios-project.app */ = {isa = PBXFileReference; explicitFileType = wrapper.application; includeInIndex = 0; path = "andres-ios-project.app"; sourceTree = BUILT_PRODUCTS_DIR; };
		4F649EF32E09D78300FF7524 /* andres-ios-projectTests.xctest */ = {isa = PBXFileReference; explicitFileType = wrapper.cfbundle; includeInIndex = 0; path = "andres-ios-projectTests.xctest"; sourceTree = BUILT_PRODUCTS_DIR; };
		4F649EFD2E09D78300FF7524 /* andres-ios-projectUITests.xctest */ = {isa = PBXFileReference; explicitFileType = wrapper.cfbundle; includeInIndex = 0; path = "andres-ios-projectUITests.xctest"; sourceTree = BUILT_PRODUCTS_DIR; };
		55ED2695D89F2191C130D518 /* Pods_andres_ios_project.framework */ = {isa = PBXFileReference; explicitFileType = wrapper.framework; includeInIndex = 0; path = Pods_andres_ios_project.framework; sourceTree = BUILT_PRODUCTS_DIR; };
		90A764F8192C7B0DC98FB561 /* Pods-andres-ios-project.debug.xcconfig */ = {isa = PBXFileReference; includeInIndex = 1; lastKnownFileType = text.xcconfig; name = "Pods-andres-ios-project.debug.xcconfig"; path = "Target Support Files/Pods-andres-ios-project/Pods-andres-ios-project.debug.xcconfig"; sourceTree = "<group>"; };
		C28F0512C04A99C91E147684 /* Pods-andres-ios-project-andres-ios-projectUITests.debug.xcconfig */ = {isa = PBXFileReference; includeInIndex = 1; lastKnownFileType = text.xcconfig; name = "Pods-andres-ios-project-andres-ios-projectUITests.debug.xcconfig"; path = "Target Support Files/Pods-andres-ios-project-andres-ios-projectUITests/Pods-andres-ios-project-andres-ios-projectUITests.debug.xcconfig"; sourceTree = "<group>"; };
		C663CD0661E4B3B3CC568531 /* Pods-andres-ios-project.release.xcconfig */ = {isa = PBXFileReference; includeInIndex = 1; lastKnownFileType = text.xcconfig; name = "Pods-andres-ios-project.release.xcconfig"; path = "Target Support Files/Pods-andres-ios-project/Pods-andres-ios-project.release.xcconfig"; sourceTree = "<group>"; };
		E9F5760C44FB787970646AAB /* Pods-andres-ios-projectTests.debug.xcconfig */ = {isa = PBXFileReference; includeInIndex = 1; lastKnownFileType = text.xcconfig; name = "Pods-andres-ios-projectTests.debug.xcconfig"; path = "Target Support Files/Pods-andres-ios-projectTests/Pods-andres-ios-projectTests.debug.xcconfig"; sourceTree = "<group>"; };
/* End PBXFileReference section */

/* Begin PBXFileSystemSynchronizedBuildFileExceptionSet section */
		4F649F052E09D78300FF7524 /* Exceptions for "andres-ios-project" folder in "andres-ios-project" target */ = {
			isa = PBXFileSystemSynchronizedBuildFileExceptionSet;
			membershipExceptions = (
				Info.plist,
			);
			target = 4F649EDC2E09D77800FF7524 /* andres-ios-project */;
		};
/* End PBXFileSystemSynchronizedBuildFileExceptionSet section */

/* Begin PBXFileSystemSynchronizedRootGroup section */
		4F649EDF2E09D77800FF7524 /* andres-ios-project */ = {
			isa = PBXFileSystemSynchronizedRootGroup;
			exceptions = (
				4F649F052E09D78300FF7524 /* Exceptions for "andres-ios-project" folder in "andres-ios-project" target */,
			);
			path = "andres-ios-project";
			sourceTree = "<group>";
		};
		4F649EF62E09D78300FF7524 /* andres-ios-projectTests */ = {
			isa = PBXFileSystemSynchronizedRootGroup;
			exceptions = (
			);
			path = "andres-ios-projectTests";
			sourceTree = "<group>";
		};
		4F649F002E09D78300FF7524 /* andres-ios-projectUITests */ = {
			isa = PBXFileSystemSynchronizedRootGroup;
			exceptions = (
			);
			path = "andres-ios-projectUITests";
			sourceTree = "<group>";
		};
/* End PBXFileSystemSynchronizedRootGroup section */

/* Begin PBXFrameworksBuildPhase section */
		4F649EDA2E09D77800FF7524 /* Frameworks */ = {
			isa = PBXFrameworksBuildPhase;
			buildActionMask = 2147483647;
			files = (
				AE1C8A5B0431C0CE70A048C7 /* Pods_andres_ios_project.framework in Frameworks */,
			);
			runOnlyForDeploymentPostprocessing = 0;
		};
		4F649EF02E09D78300FF7524 /* Frameworks */ = {
			isa = PBXFrameworksBuildPhase;
			buildActionMask = 2147483647;
			files = (
				17CF2BD84FF01520CEA5845C /* Pods_andres_ios_projectTests.framework in Frameworks */,
			);
			runOnlyForDeploymentPostprocessing = 0;
		};
		4F649EFA2E09D78300FF7524 /* Frameworks */ = {
			isa = PBXFrameworksBuildPhase;
			buildActionMask = 2147483647;
			files = (
				A99FF60EC00F63E77329BEDA /* Pods_andres_ios_project_andres_ios_projectUITests.framework in Frameworks */,
			);
			runOnlyForDeploymentPostprocessing = 0;
		};
/* End PBXFrameworksBuildPhase section */

/* Begin PBXGroup section */
		4F649ED42E09D77800FF7524 = {
			isa = PBXGroup;
			children = (
				4F649EDF2E09D77800FF7524 /* andres-ios-project */,
				4F649EF62E09D78300FF7524 /* andres-ios-projectTests */,
				4F649F002E09D78300FF7524 /* andres-ios-projectUITests */,
				4F649EDE2E09D77800FF7524 /* Products */,
				A6C3EE86EDAE0DBD14096403 /* Pods */,
				7031EE981BBBA2D8441822F5 /* Frameworks */,
			);
			sourceTree = "<group>";
		};
		4F649EDE2E09D77800FF7524 /* Products */ = {
			isa = PBXGroup;
			children = (
				4F649EDD2E09D77800FF7524 /* andres-ios-project.app */,
				4F649EF32E09D78300FF7524 /* andres-ios-projectTests.xctest */,
				4F649EFD2E09D78300FF7524 /* andres-ios-projectUITests.xctest */,
			);
			name = Products;
			sourceTree = "<group>";
		};
		7031EE981BBBA2D8441822F5 /* Frameworks */ = {
			isa = PBXGroup;
			children = (
				55ED2695D89F2191C130D518 /* Pods_andres_ios_project.framework */,
				3E9592C829D49AB4F2C9B874 /* Pods_andres_ios_project_andres_ios_projectUITests.framework */,
				4EAF9470A84FE653CC25488C /* Pods_andres_ios_projectTests.framework */,
			);
			name = Frameworks;
			sourceTree = "<group>";
		};
		A6C3EE86EDAE0DBD14096403 /* Pods */ = {
			isa = PBXGroup;
			children = (
				90A764F8192C7B0DC98FB561 /* Pods-andres-ios-project.debug.xcconfig */,
				C663CD0661E4B3B3CC568531 /* Pods-andres-ios-project.release.xcconfig */,
				C28F0512C04A99C91E147684 /* Pods-andres-ios-project-andres-ios-projectUITests.debug.xcconfig */,
				4CEDD42211CB36A0129393D8 /* Pods-andres-ios-project-andres-ios-projectUITests.release.xcconfig */,
				E9F5760C44FB787970646AAB /* Pods-andres-ios-projectTests.debug.xcconfig */,
				2210BC27CC095842D2C18FA9 /* Pods-andres-ios-projectTests.release.xcconfig */,
			);
			name = Pods;
			path = Pods;
			sourceTree = "<group>";
		};
/* End PBXGroup section */

/* Begin PBXNativeTarget section */
		4F649EDC2E09D77800FF7524 /* andres-ios-project */ = {
			isa = PBXNativeTarget;
			buildConfigurationList = 4F649F062E09D78300FF7524 /* Build configuration list for PBXNativeTarget "andres-ios-project" */;
			buildPhases = (
				27648F9AAC6D0134C0F83039 /* [CP] Check Pods Manifest.lock */,
				4F649ED92E09D77800FF7524 /* Sources */,
				4F649EDA2E09D77800FF7524 /* Frameworks */,
				4F649EDB2E09D77800FF7524 /* Resources */,
				7171AE8204CA18139934368C /* [CP] Embed Pods Frameworks */,
			);
			buildRules = (
			);
			dependencies = (
			);
			fileSystemSynchronizedGroups = (
				4F649EDF2E09D77800FF7524 /* andres-ios-project */,
			);
			name = "andres-ios-project";
			productName = "andres-ios-project";
			productReference = 4F649EDD2E09D77800FF7524 /* andres-ios-project.app */;
			productType = "com.apple.product-type.application";
		};
		4F649EF22E09D78300FF7524 /* andres-ios-projectTests */ = {
			isa = PBXNativeTarget;
			buildConfigurationList = 4F649F0B2E09D78300FF7524 /* Build configuration list for PBXNativeTarget "andres-ios-projectTests" */;
			buildPhases = (
				B220F53B03B56D33760FD81F /* [CP] Check Pods Manifest.lock */,
				4F649EEF2E09D78300FF7524 /* Sources */,
				4F649EF02E09D78300FF7524 /* Frameworks */,
				4F649EF12E09D78300FF7524 /* Resources */,
			);
			buildRules = (
			);
			dependencies = (
				4F649EF52E09D78300FF7524 /* PBXTargetDependency */,
			);
			fileSystemSynchronizedGroups = (
				4F649EF62E09D78300FF7524 /* andres-ios-projectTests */,
			);
			name = "andres-ios-projectTests";
			productName = "andres-ios-projectTests";
			productReference = 4F649EF32E09D78300FF7524 /* andres-ios-projectTests.xctest */;
			productType = "com.apple.product-type.bundle.unit-test";
		};
		4F649EFC2E09D78300FF7524 /* andres-ios-projectUITests */ = {
			isa = PBXNativeTarget;
			buildConfigurationList = 4F649F0E2E09D78300FF7524 /* Build configuration list for PBXNativeTarget "andres-ios-projectUITests" */;
			buildPhases = (
				B8B5F319BA0D57EF247B61B1 /* [CP] Check Pods Manifest.lock */,
				4F649EF92E09D78300FF7524 /* Sources */,
				4F649EFA2E09D78300FF7524 /* Frameworks */,
				4F649EFB2E09D78300FF7524 /* Resources */,
				9A0482A6D0B88247C20AEAF5 /* [CP] Embed Pods Frameworks */,
			);
			buildRules = (
			);
			dependencies = (
				4F649EFF2E09D78300FF7524 /* PBXTargetDependency */,
			);
			fileSystemSynchronizedGroups = (
				4F649F002E09D78300FF7524 /* andres-ios-projectUITests */,
			);
			name = "andres-ios-projectUITests";
			productName = "andres-ios-projectUITests";
			productReference = 4F649EFD2E09D78300FF7524 /* andres-ios-projectUITests.xctest */;
			productType = "com.apple.product-type.bundle.ui-testing";
		};
/* End PBXNativeTarget section */

/* Begin PBXProject section */
		4F649ED52E09D77800FF7524 /* Project object */ = {
			isa = PBXProject;
			attributes = {
				BuildIndependentTargetsInParallel = 1;
				LastSwiftUpdateCheck = 1620;
				LastUpgradeCheck = 1620;
				TargetAttributes = {
					4F649EDC2E09D77800FF7524 = {
						CreatedOnToolsVersion = 16.2;
					};
					4F649EF22E09D78300FF7524 = {
						CreatedOnToolsVersion = 16.2;
						TestTargetID = 4F649EDC2E09D77800FF7524;
					};
					4F649EFC2E09D78300FF7524 = {
						CreatedOnToolsVersion = 16.2;
						TestTargetID = 4F649EDC2E09D77800FF7524;
					};
				};
			};
			buildConfigurationList = 4F649ED82E09D77800FF7524 /* Build configuration list for PBXProject "andres-ios-project" */;
			developmentRegion = en;
			hasScannedForEncodings = 0;
			knownRegions = (
				en,
				Base,
			);
			mainGroup = 4F649ED42E09D77800FF7524;
			minimizedProjectReferenceProxies = 1;
			preferredProjectObjectVersion = 77;
			productRefGroup = 4F649EDE2E09D77800FF7524 /* Products */;
			projectDirPath = "";
			projectRoot = "";
			targets = (
				4F649EDC2E09D77800FF7524 /* andres-ios-project */,
				4F649EF22E09D78300FF7524 /* andres-ios-projectTests */,
				4F649EFC2E09D78300FF7524 /* andres-ios-projectUITests */,
			);
		};
/* End PBXProject section */

/* Begin PBXResourcesBuildPhase section */
		4F649EDB2E09D77800FF7524 /* Resources */ = {
			isa = PBXResourcesBuildPhase;
			buildActionMask = 2147483647;
			files = (
			);
			runOnlyForDeploymentPostprocessing = 0;
		};
		4F649EF12E09D78300FF7524 /* Resources */ = {
			isa = PBXResourcesBuildPhase;
			buildActionMask = 2147483647;
			files = (
			);
			runOnlyForDeploymentPostprocessing = 0;
		};
		4F649EFB2E09D78300FF7524 /* Resources */ = {
			isa = PBXResourcesBuildPhase;
			buildActionMask = 2147483647;
			files = (
			);
			runOnlyForDeploymentPostprocessing = 0;
		};
/* End PBXResourcesBuildPhase section */

/* Begin PBXShellScriptBuildPhase section */
		27648F9AAC6D0134C0F83039 /* [CP] Check Pods Manifest.lock */ = {
			isa = PBXShellScriptBuildPhase;
			buildActionMask = 2147483647;
			files = (
			);
			inputFileListPaths = (
			);
			inputPaths = (
				"${PODS_PODFILE_DIR_PATH}/Podfile.lock",
				"${PODS_ROOT}/Manifest.lock",
			);
			name = "[CP] Check Pods Manifest.lock";
			outputFileListPaths = (
			);
			outputPaths = (
				"$(DERIVED_FILE_DIR)/Pods-andres-ios-project-checkManifestLockResult.txt",
			);
			runOnlyForDeploymentPostprocessing = 0;
			shellPath = /bin/sh;
			shellScript = "diff \"${PODS_PODFILE_DIR_PATH}/Podfile.lock\" \"${PODS_ROOT}/Manifest.lock\" > /dev/null\nif [ $? != 0 ] ; then\n    # print error to STDERR\n    echo \"error: The sandbox is not in sync with the Podfile.lock. Run 'pod install' or update your CocoaPods installation.\" >&2\n    exit 1\nfi\n# This output is used by Xcode 'outputs' to avoid re-running this script phase.\necho \"SUCCESS\" > \"${SCRIPT_OUTPUT_FILE_0}\"\n";
			showEnvVarsInLog = 0;
		};
		7171AE8204CA18139934368C /* [CP] Embed Pods Frameworks */ = {
			isa = PBXShellScriptBuildPhase;
			buildActionMask = 2147483647;
			files = (
			);
			inputFileListPaths = (
				"${PODS_ROOT}/Target Support Files/Pods-andres-ios-project/Pods-andres-ios-project-frameworks-${CONFIGURATION}-input-files.xcfilelist",
			);
			name = "[CP] Embed Pods Frameworks";
			outputFileListPaths = (
				"${PODS_ROOT}/Target Support Files/Pods-andres-ios-project/Pods-andres-ios-project-frameworks-${CONFIGURATION}-output-files.xcfilelist",
			);
			runOnlyForDeploymentPostprocessing = 0;
			shellPath = /bin/sh;
			shellScript = "\"${PODS_ROOT}/Target Support Files/Pods-andres-ios-project/Pods-andres-ios-project-frameworks.sh\"\n";
			showEnvVarsInLog = 0;
		};
		9A0482A6D0B88247C20AEAF5 /* [CP] Embed Pods Frameworks */ = {
			isa = PBXShellScriptBuildPhase;
			buildActionMask = 2147483647;
			files = (
			);
			inputFileListPaths = (
				"${PODS_ROOT}/Target Support Files/Pods-andres-ios-project-andres-ios-projectUITests/Pods-andres-ios-project-andres-ios-projectUITests-frameworks-${CONFIGURATION}-input-files.xcfilelist",
			);
			name = "[CP] Embed Pods Frameworks";
			outputFileListPaths = (
				"${PODS_ROOT}/Target Support Files/Pods-andres-ios-project-andres-ios-projectUITests/Pods-andres-ios-project-andres-ios-projectUITests-frameworks-${CONFIGURATION}-output-files.xcfilelist",
			);
			runOnlyForDeploymentPostprocessing = 0;
			shellPath = /bin/sh;
			shellScript = "\"${PODS_ROOT}/Target Support Files/Pods-andres-ios-project-andres-ios-projectUITests/Pods-andres-ios-project-andres-ios-projectUITests-frameworks.sh\"\n";
			showEnvVarsInLog = 0;
		};
		B220F53B03B56D33760FD81F /* [CP] Check Pods Manifest.lock */ = {
			isa = PBXShellScriptBuildPhase;
			buildActionMask = 2147483647;
			files = (
			);
			inputFileListPaths = (
			);
			inputPaths = (
				"${PODS_PODFILE_DIR_PATH}/Podfile.lock",
				"${PODS_ROOT}/Manifest.lock",
			);
			name = "[CP] Check Pods Manifest.lock";
			outputFileListPaths = (
			);
			outputPaths = (
				"$(DERIVED_FILE_DIR)/Pods-andres-ios-projectTests-checkManifestLockResult.txt",
			);
			runOnlyForDeploymentPostprocessing = 0;
			shellPath = /bin/sh;
			shellScript = "diff \"${PODS_PODFILE_DIR_PATH}/Podfile.lock\" \"${PODS_ROOT}/Manifest.lock\" > /dev/null\nif [ $? != 0 ] ; then\n    # print error to STDERR\n    echo \"error: The sandbox is not in sync with the Podfile.lock. Run 'pod install' or update your CocoaPods installation.\" >&2\n    exit 1\nfi\n# This output is used by Xcode 'outputs' to avoid re-running this script phase.\necho \"SUCCESS\" > \"${SCRIPT_OUTPUT_FILE_0}\"\n";
			showEnvVarsInLog = 0;
		};
		B8B5F319BA0D57EF247B61B1 /* [CP] Check Pods Manifest.lock */ = {
			isa = PBXShellScriptBuildPhase;
			buildActionMask = 2147483647;
			files = (
			);
			inputFileListPaths = (
			);
			inputPaths = (
				"${PODS_PODFILE_DIR_PATH}/Podfile.lock",
				"${PODS_ROOT}/Manifest.lock",
			);
			name = "[CP] Check Pods Manifest.lock";
			outputFileListPaths = (
			);
			outputPaths = (
				"$(DERIVED_FILE_DIR)/Pods-andres-ios-project-andres-ios-projectUITests-checkManifestLockResult.txt",
			);
			runOnlyForDeploymentPostprocessing = 0;
			shellPath = /bin/sh;
			shellScript = "diff \"${PODS_PODFILE_DIR_PATH}/Podfile.lock\" \"${PODS_ROOT}/Manifest.lock\" > /dev/null\nif [ $? != 0 ] ; then\n    # print error to STDERR\n    echo \"error: The sandbox is not in sync with the Podfile.lock. Run 'pod install' or update your CocoaPods installation.\" >&2\n    exit 1\nfi\n# This output is used by Xcode 'outputs' to avoid re-running this script phase.\necho \"SUCCESS\" > \"${SCRIPT_OUTPUT_FILE_0}\"\n";
			showEnvVarsInLog = 0;
		};
/* End PBXShellScriptBuildPhase section */

/* Begin PBXSourcesBuildPhase section */
		4F649ED92E09D77800FF7524 /* Sources */ = {
			isa = PBXSourcesBuildPhase;
			buildActionMask = 2147483647;
			files = (
			);
			runOnlyForDeploymentPostprocessing = 0;
		};
		4F649EEF2E09D78300FF7524 /* Sources */ = {
			isa = PBXSourcesBuildPhase;
			buildActionMask = 2147483647;
			files = (
			);
			runOnlyForDeploymentPostprocessing = 0;
		};
		4F649EF92E09D78300FF7524 /* Sources */ = {
			isa = PBXSourcesBuildPhase;
			buildActionMask = 2147483647;
			files = (
			);
			runOnlyForDeploymentPostprocessing = 0;
		};
/* End PBXSourcesBuildPhase section */

/* Begin PBXTargetDependency section */
		4F649EF52E09D78300FF7524 /* PBXTargetDependency */ = {
			isa = PBXTargetDependency;
			target = 4F649EDC2E09D77800FF7524 /* andres-ios-project */;
			targetProxy = 4F649EF42E09D78300FF7524 /* PBXContainerItemProxy */;
		};
		4F649EFF2E09D78300FF7524 /* PBXTargetDependency */ = {
			isa = PBXTargetDependency;
			target = 4F649EDC2E09D77800FF7524 /* andres-ios-project */;
			targetProxy = 4F649EFE2E09D78300FF7524 /* PBXContainerItemProxy */;
		};
/* End PBXTargetDependency section */

/* Begin XCBuildConfiguration section */
		4F649F072E09D78300FF7524 /* Debug */ = {
			isa = XCBuildConfiguration;
			baseConfigurationReference = 90A764F8192C7B0DC98FB561 /* Pods-andres-ios-project.debug.xcconfig */;
			buildSettings = {
				ASSETCATALOG_COMPILER_APPICON_NAME = AppIcon;
				ASSETCATALOG_COMPILER_GLOBAL_ACCENT_COLOR_NAME = AccentColor;
				CODE_SIGN_STYLE = Automatic;
				CURRENT_PROJECT_VERSION = 1;
				DEVELOPMENT_TEAM = 38ZWNK798C;
				GENERATE_INFOPLIST_FILE = YES;
				INFOPLIST_FILE = "andres-ios-project/Info.plist";
				INFOPLIST_KEY_UIApplicationSupportsIndirectInputEvents = YES;
				INFOPLIST_KEY_UILaunchStoryboardName = LaunchScreen;
				INFOPLIST_KEY_UIMainStoryboardFile = Main;
				INFOPLIST_KEY_UISupportedInterfaceOrientations_iPad = "UIInterfaceOrientationPortrait UIInterfaceOrientationPortraitUpsideDown UIInterfaceOrientationLandscapeLeft UIInterfaceOrientationLandscapeRight";
				INFOPLIST_KEY_UISupportedInterfaceOrientations_iPhone = "UIInterfaceOrientationPortrait UIInterfaceOrientationLandscapeLeft UIInterfaceOrientationLandscapeRight";
				LD_RUNPATH_SEARCH_PATHS = (
					"$(inherited)",
					"@executable_path/Frameworks",
				);
				MARKETING_VERSION = 1.0;
				PRODUCT_BUNDLE_IDENTIFIER = "test.andres-ios-project";
				PRODUCT_NAME = "$(TARGET_NAME)";
				SWIFT_EMIT_LOC_STRINGS = YES;
				SWIFT_VERSION = 5.0;
				TARGETED_DEVICE_FAMILY = "1,2";
			};
			name = Debug;
		};
		4F649F082E09D78300FF7524 /* Release */ = {
			isa = XCBuildConfiguration;
			baseConfigurationReference = C663CD0661E4B3B3CC568531 /* Pods-andres-ios-project.release.xcconfig */;
			buildSettings = {
				ASSETCATALOG_COMPILER_APPICON_NAME = AppIcon;
				ASSETCATALOG_COMPILER_GLOBAL_ACCENT_COLOR_NAME = AccentColor;
				CODE_SIGN_STYLE = Automatic;
				CURRENT_PROJECT_VERSION = 1;
				DEVELOPMENT_TEAM = 38ZWNK798C;
				GENERATE_INFOPLIST_FILE = YES;
				INFOPLIST_FILE = "andres-ios-project/Info.plist";
				INFOPLIST_KEY_UIApplicationSupportsIndirectInputEvents = YES;
				INFOPLIST_KEY_UILaunchStoryboardName = LaunchScreen;
				INFOPLIST_KEY_UIMainStoryboardFile = Main;
				INFOPLIST_KEY_UISupportedInterfaceOrientations_iPad = "UIInterfaceOrientationPortrait UIInterfaceOrientationPortraitUpsideDown UIInterfaceOrientationLandscapeLeft UIInterfaceOrientationLandscapeRight";
				INFOPLIST_KEY_UISupportedInterfaceOrientations_iPhone = "UIInterfaceOrientationPortrait UIInterfaceOrientationLandscapeLeft UIInterfaceOrientationLandscapeRight";
				LD_RUNPATH_SEARCH_PATHS = (
					"$(inherited)",
					"@executable_path/Frameworks",
				);
				MARKETING_VERSION = 1.0;
				PRODUCT_BUNDLE_IDENTIFIER = "test.andres-ios-project";
				PRODUCT_NAME = "$(TARGET_NAME)";
				SWIFT_EMIT_LOC_STRINGS = YES;
				SWIFT_VERSION = 5.0;
				TARGETED_DEVICE_FAMILY = "1,2";
			};
			name = Release;
		};
		4F649F092E09D78300FF7524 /* Debug */ = {
			isa = XCBuildConfiguration;
			buildSettings = {
				ALWAYS_SEARCH_USER_PATHS = NO;
				ASSETCATALOG_COMPILER_GENERATE_SWIFT_ASSET_SYMBOL_EXTENSIONS = YES;
				CLANG_ANALYZER_NONNULL = YES;
				CLANG_ANALYZER_NUMBER_OBJECT_CONVERSION = YES_AGGRESSIVE;
				CLANG_CXX_LANGUAGE_STANDARD = "gnu++20";
				CLANG_ENABLE_MODULES = YES;
				CLANG_ENABLE_OBJC_ARC = YES;
				CLANG_ENABLE_OBJC_WEAK = YES;
				CLANG_WARN_BLOCK_CAPTURE_AUTORELEASING = YES;
				CLANG_WARN_BOOL_CONVERSION = YES;
				CLANG_WARN_COMMA = YES;
				CLANG_WARN_CONSTANT_CONVERSION = YES;
				CLANG_WARN_DEPRECATED_OBJC_IMPLEMENTATIONS = YES;
				CLANG_WARN_DIRECT_OBJC_ISA_USAGE = YES_ERROR;
				CLANG_WARN_DOCUMENTATION_COMMENTS = YES;
				CLANG_WARN_EMPTY_BODY = YES;
				CLANG_WARN_ENUM_CONVERSION = YES;
				CLANG_WARN_INFINITE_RECURSION = YES;
				CLANG_WARN_INT_CONVERSION = YES;
				CLANG_WARN_NON_LITERAL_NULL_CONVERSION = YES;
				CLANG_WARN_OBJC_IMPLICIT_RETAIN_SELF = YES;
				CLANG_WARN_OBJC_LITERAL_CONVERSION = YES;
				CLANG_WARN_OBJC_ROOT_CLASS = YES_ERROR;
				CLANG_WARN_QUOTED_INCLUDE_IN_FRAMEWORK_HEADER = YES;
				CLANG_WARN_RANGE_LOOP_ANALYSIS = YES;
				CLANG_WARN_STRICT_PROTOTYPES = YES;
				CLANG_WARN_SUSPICIOUS_MOVE = YES;
				CLANG_WARN_UNGUARDED_AVAILABILITY = YES_AGGRESSIVE;
				CLANG_WARN_UNREACHABLE_CODE = YES;
				CLANG_WARN__DUPLICATE_METHOD_MATCH = YES;
				COPY_PHASE_STRIP = NO;
				DEBUG_INFORMATION_FORMAT = dwarf;
				ENABLE_STRICT_OBJC_MSGSEND = YES;
				ENABLE_TESTABILITY = YES;
				ENABLE_USER_SCRIPT_SANDBOXING = YES;
				GCC_C_LANGUAGE_STANDARD = gnu17;
				GCC_DYNAMIC_NO_PIC = NO;
				GCC_NO_COMMON_BLOCKS = YES;
				GCC_OPTIMIZATION_LEVEL = 0;
				GCC_PREPROCESSOR_DEFINITIONS = (
					"DEBUG=1",
					"$(inherited)",
				);
				GCC_WARN_64_TO_32_BIT_CONVERSION = YES;
				GCC_WARN_ABOUT_RETURN_TYPE = YES_ERROR;
				GCC_WARN_UNDECLARED_SELECTOR = YES;
				GCC_WARN_UNINITIALIZED_AUTOS = YES_AGGRESSIVE;
				GCC_WARN_UNUSED_FUNCTION = YES;
				GCC_WARN_UNUSED_VARIABLE = YES;
				IPHONEOS_DEPLOYMENT_TARGET = 18.2;
				LOCALIZATION_PREFERS_STRING_CATALOGS = YES;
				MTL_ENABLE_DEBUG_INFO = INCLUDE_SOURCE;
				MTL_FAST_MATH = YES;
				ONLY_ACTIVE_ARCH = YES;
				SDKROOT = iphoneos;
				SWIFT_ACTIVE_COMPILATION_CONDITIONS = "DEBUG $(inherited)";
				SWIFT_OPTIMIZATION_LEVEL = "-Onone";
			};
			name = Debug;
		};
		4F649F0A2E09D78300FF7524 /* Release */ = {
			isa = XCBuildConfiguration;
			buildSettings = {
				ALWAYS_SEARCH_USER_PATHS = NO;
				ASSETCATALOG_COMPILER_GENERATE_SWIFT_ASSET_SYMBOL_EXTENSIONS = YES;
				CLANG_ANALYZER_NONNULL = YES;
				CLANG_ANALYZER_NUMBER_OBJECT_CONVERSION = YES_AGGRESSIVE;
				CLANG_CXX_LANGUAGE_STANDARD = "gnu++20";
				CLANG_ENABLE_MODULES = YES;
				CLANG_ENABLE_OBJC_ARC = YES;
				CLANG_ENABLE_OBJC_WEAK = YES;
				CLANG_WARN_BLOCK_CAPTURE_AUTORELEASING = YES;
				CLANG_WARN_BOOL_CONVERSION = YES;
				CLANG_WARN_COMMA = YES;
				CLANG_WARN_CONSTANT_CONVERSION = YES;
				CLANG_WARN_DEPRECATED_OBJC_IMPLEMENTATIONS = YES;
				CLANG_WARN_DIRECT_OBJC_ISA_USAGE = YES_ERROR;
				CLANG_WARN_DOCUMENTATION_COMMENTS = YES;
				CLANG_WARN_EMPTY_BODY = YES;
				CLANG_WARN_ENUM_CONVERSION = YES;
				CLANG_WARN_INFINITE_RECURSION = YES;
				CLANG_WARN_INT_CONVERSION = YES;
				CLANG_WARN_NON_LITERAL_NULL_CONVERSION = YES;
				CLANG_WARN_OBJC_IMPLICIT_RETAIN_SELF = YES;
				CLANG_WARN_OBJC_LITERAL_CONVERSION = YES;
				CLANG_WARN_OBJC_ROOT_CLASS = YES_ERROR;
				CLANG_WARN_QUOTED_INCLUDE_IN_FRAMEWORK_HEADER = YES;
				CLANG_WARN_RANGE_LOOP_ANALYSIS = YES;
				CLANG_WARN_STRICT_PROTOTYPES = YES;
				CLANG_WARN_SUSPICIOUS_MOVE = YES;
				CLANG_WARN_UNGUARDED_AVAILABILITY = YES_AGGRESSIVE;
				CLANG_WARN_UNREACHABLE_CODE = YES;
				CLANG_WARN__DUPLICATE_METHOD_MATCH = YES;
				COPY_PHASE_STRIP = NO;
				DEBUG_INFORMATION_FORMAT = "dwarf-with-dsym";
				ENABLE_NS_ASSERTIONS = NO;
				ENABLE_STRICT_OBJC_MSGSEND = YES;
				ENABLE_USER_SCRIPT_SANDBOXING = YES;
				GCC_C_LANGUAGE_STANDARD = gnu17;
				GCC_NO_COMMON_BLOCKS = YES;
				GCC_WARN_64_TO_32_BIT_CONVERSION = YES;
				GCC_WARN_ABOUT_RETURN_TYPE = YES_ERROR;
				GCC_WARN_UNDECLARED_SELECTOR = YES;
				GCC_WARN_UNINITIALIZED_AUTOS = YES_AGGRESSIVE;
				GCC_WARN_UNUSED_FUNCTION = YES;
				GCC_WARN_UNUSED_VARIABLE = YES;
				IPHONEOS_DEPLOYMENT_TARGET = 18.2;
				LOCALIZATION_PREFERS_STRING_CATALOGS = YES;
				MTL_ENABLE_DEBUG_INFO = NO;
				MTL_FAST_MATH = YES;
				SDKROOT = iphoneos;
				SWIFT_COMPILATION_MODE = wholemodule;
				VALIDATE_PRODUCT = YES;
			};
			name = Release;
		};
		4F649F0C2E09D78300FF7524 /* Debug */ = {
			isa = XCBuildConfiguration;
			baseConfigurationReference = E9F5760C44FB787970646AAB /* Pods-andres-ios-projectTests.debug.xcconfig */;
			buildSettings = {
				BUNDLE_LOADER = "$(TEST_HOST)";
				CODE_SIGN_STYLE = Automatic;
				CURRENT_PROJECT_VERSION = 1;
				DEVELOPMENT_TEAM = 38ZWNK798C;
				GENERATE_INFOPLIST_FILE = YES;
				IPHONEOS_DEPLOYMENT_TARGET = 18.2;
				MARKETING_VERSION = 1.0;
				PRODUCT_BUNDLE_IDENTIFIER = "test.andres-ios-projectTests";
				PRODUCT_NAME = "$(TARGET_NAME)";
				SWIFT_EMIT_LOC_STRINGS = NO;
				SWIFT_VERSION = 5.0;
				TARGETED_DEVICE_FAMILY = "1,2";
				TEST_HOST = "$(BUILT_PRODUCTS_DIR)/andres-ios-project.app/$(BUNDLE_EXECUTABLE_FOLDER_PATH)/andres-ios-project";
			};
			name = Debug;
		};
		4F649F0D2E09D78300FF7524 /* Release */ = {
			isa = XCBuildConfiguration;
			baseConfigurationReference = 2210BC27CC095842D2C18FA9 /* Pods-andres-ios-projectTests.release.xcconfig */;
			buildSettings = {
				BUNDLE_LOADER = "$(TEST_HOST)";
				CODE_SIGN_STYLE = Automatic;
				CURRENT_PROJECT_VERSION = 1;
				DEVELOPMENT_TEAM = 38ZWNK798C;
				GENERATE_INFOPLIST_FILE = YES;
				IPHONEOS_DEPLOYMENT_TARGET = 18.2;
				MARKETING_VERSION = 1.0;
				PRODUCT_BUNDLE_IDENTIFIER = "test.andres-ios-projectTests";
				PRODUCT_NAME = "$(TARGET_NAME)";
				SWIFT_EMIT_LOC_STRINGS = NO;
				SWIFT_VERSION = 5.0;
				TARGETED_DEVICE_FAMILY = "1,2";
				TEST_HOST = "$(BUILT_PRODUCTS_DIR)/andres-ios-project.app/$(BUNDLE_EXECUTABLE_FOLDER_PATH)/andres-ios-project";
			};
			name = Release;
		};
		4F649F0F2E09D78300FF7524 /* Debug */ = {
			isa = XCBuildConfiguration;
			baseConfigurationReference = C28F0512C04A99C91E147684 /* Pods-andres-ios-project-andres-ios-projectUITests.debug.xcconfig */;
			buildSettings = {
				CODE_SIGN_STYLE = Automatic;
				CURRENT_PROJECT_VERSION = 1;
				DEVELOPMENT_TEAM = 38ZWNK798C;
				GENERATE_INFOPLIST_FILE = YES;
				MARKETING_VERSION = 1.0;
				PRODUCT_BUNDLE_IDENTIFIER = "test.andres-ios-projectUITests";
				PRODUCT_NAME = "$(TARGET_NAME)";
				SWIFT_EMIT_LOC_STRINGS = NO;
				SWIFT_VERSION = 5.0;
				TARGETED_DEVICE_FAMILY = "1,2";
				TEST_TARGET_NAME = "andres-ios-project";
			};
			name = Debug;
		};
		4F649F102E09D78300FF7524 /* Release */ = {
			isa = XCBuildConfiguration;
			baseConfigurationReference = 4CEDD42211CB36A0129393D8 /* Pods-andres-ios-project-andres-ios-projectUITests.release.xcconfig */;
			buildSettings = {
				CODE_SIGN_STYLE = Automatic;
				CURRENT_PROJECT_VERSION = 1;
				DEVELOPMENT_TEAM = 38ZWNK798C;
				GENERATE_INFOPLIST_FILE = YES;
				MARKETING_VERSION = 1.0;
				PRODUCT_BUNDLE_IDENTIFIER = "test.andres-ios-projectUITests";
				PRODUCT_NAME = "$(TARGET_NAME)";
				SWIFT_EMIT_LOC_STRINGS = NO;
				SWIFT_VERSION = 5.0;
				TARGETED_DEVICE_FAMILY = "1,2";
				TEST_TARGET_NAME = "andres-ios-project";
			};
			name = Release;
		};
/* End XCBuildConfiguration section */

/* Begin XCConfigurationList section */
		4F649ED82E09D77800FF7524 /* Build configuration list for PBXProject "andres-ios-project" */ = {
			isa = XCConfigurationList;
			buildConfigurations = (
				4F649F092E09D78300FF7524 /* Debug */,
				4F649F0A2E09D78300FF7524 /* Release */,
			);
			defaultConfigurationIsVisible = 0;
			defaultConfigurationName = Release;
		};
		4F649F062E09D78300FF7524 /* Build configuration list for PBXNativeTarget "andres-ios-project" */ = {
			isa = XCConfigurationList;
			buildConfigurations = (
				4F649F072E09D78300FF7524 /* Debug */,
				4F649F082E09D78300FF7524 /* Release */,
			);
			defaultConfigurationIsVisible = 0;
			defaultConfigurationName = Release;
		};
		4F649F0B2E09D78300FF7524 /* Build configuration list for PBXNativeTarget "andres-ios-projectTests" */ = {
			isa = XCConfigurationList;
			buildConfigurations = (
				4F649F0C2E09D78300FF7524 /* Debug */,
				4F649F0D2E09D78300FF7524 /* Release */,
			);
			defaultConfigurationIsVisible = 0;
			defaultConfigurationName = Release;
		};
		4F649F0E2E09D78300FF7524 /* Build configuration list for PBXNativeTarget "andres-ios-projectUITests" */ = {
			isa = XCConfigurationList;
			buildConfigurations = (
				4F649F0F2E09D78300FF7524 /* Debug */,
				4F649F102E09D78300FF7524 /* Release */,
			);
			defaultConfigurationIsVisible = 0;
			defaultConfigurationName = Release;
		};
/* End XCConfigurationList section */
	};
	rootObject = 4F649ED52E09D77800FF7524 /* Project object */;
}
